# This file is autogenerated, do not edit; changes may be undone by the next 'dep ensure'.


[[projects]]
  branch = "master"
  name = "github.com/huin/mqtt"
  packages = ["."]
  revision = "c2d0e7ca9387fcfe29274b4b32ac80798d57ad4d"

[[projects]]
  branch = "master"
  name = "github.com/jeffallen/mqtt"
  packages = ["."]
  revision = "36aebe6d2ee4168d176bc3ef22c875b387cb0b19"

[[projects]]
  name = "github.com/nlopes/slack"
  packages = ["."]
  revision = "c86337c0ef2486a15edd804355d9c73d2f2caed1"
  version = "v0.1.0"

[[projects]]
  branch = "master"
  name = "golang.org/x/net"
  packages = ["context","context/ctxhttp","websocket"]
  revision = "d866cfc389cec985d6fda2859936a575a55a3ab6"

[[projects]]
  branch = "master"
  name = "googlemaps.github.io/maps"
  packages = [".","internal"]
  revision = "35da55b7ef7abd788b772cd2d33b1727b384b81c"

[solve-meta]
  analyzer-name = "dep"
  analyzer-version = 1
  inputs-digest = "a8523e2fbd2211e2ff84deb4a3b7caaabbd9cf6317fd28546866fe5d73ab5e57"
  solver-name = "gps-cdcl"
  solver-version = 1
